{
    "name": "api",
    "version": "0.0.0",
    "lockfileVersion": 3,
    "requires": true,
    "packages": {
        "": {
            "name": "api",
            "version": "0.0.0",
            "dependencies": {
                "com": "file:../com"
            }
        },
        "../com": {
            "version": "1.0.0",
            "license": "ISC"
        },
        "node_modules/com": {
            "resolved": "../com",
            "link": true
        }
    }
}
