{
  "name": "isdi-parttime-202303",
  "lockfileVersion": 2,
  "requires": true,
  "packages": {
    "node_modules/@fortawesome/fontawesome-common-types": {
      "version": "6.4.0",
      "resolved": "https://registry.npmjs.org/@fortawesome/fontawesome-common-types/-/fontawesome-common-types-6.4.0.tgz",
      "integrity": "sha512-HNii132xfomg5QVZw0HwXXpN22s7VBHQBv9CeOu9tfJnhsWQNd2lmTNi8CSrnw5B+5YOmzu1UoPAyxaXsJ6RgQ==",
      "hasInstallScript": true,
      "engines": {
        "node": ">=6"
      }
    },
    "node_modules/@fortawesome/fontawesome-svg-core": {
      "version": "6.4.0",
      "resolved": "https://registry.npmjs.org/@fortawesome/fontawesome-svg-core/-/fontawesome-svg-core-6.4.0.tgz",
      "integrity": "sha512-Bertv8xOiVELz5raB2FlXDPKt+m94MQ3JgDfsVbrqNpLU9+UE2E18GKjLKw+d3XbeYPqg1pzyQKGsrzbw+pPaw==",
      "hasInstallScript": true,
      "dependencies": {
        "@fortawesome/fontawesome-common-types": "6.4.0"
      },
      "engines": {
        "node": ">=6"
      }
    },
    "node_modules/css.gg": {
      "version": "2.0.0",
      "resolved": "https://registry.npmjs.org/css.gg/-/css.gg-2.0.0.tgz",
      "integrity": "sha512-8qO59kSXLbewo7xaUM4eC8328MTdGmb8atpmw6PRzeDGsZrCkAVjJzKeFDIntagl1/aCee+NG1OQtIvWAjgG/A=="
    }
  },
  "dependencies": {
    "@fortawesome/fontawesome-common-types": {
      "version": "6.4.0",
      "resolved": "https://registry.npmjs.org/@fortawesome/fontawesome-common-types/-/fontawesome-common-types-6.4.0.tgz",
      "integrity": "sha512-HNii132xfomg5QVZw0HwXXpN22s7VBHQBv9CeOu9tfJnhsWQNd2lmTNi8CSrnw5B+5YOmzu1UoPAyxaXsJ6RgQ=="
    },
    "@fortawesome/fontawesome-svg-core": {
      "version": "https://registry.npmjs.org/@fortawesome/fontawesome-svg-core/-/fontawesome-svg-core-6.4.0.tgz",
      "integrity": "sha512-Bertv8xOiVELz5raB2FlXDPKt+m94MQ3JgDfsVbrqNpLU9+UE2E18GKjLKw+d3XbeYPqg1pzyQKGsrzbw+pPaw==",
      "requires": {
        "@fortawesome/fontawesome-common-types": "6.4.0"
      }
    },
    "css.gg": {
      "version": "https://registry.npmjs.org/css.gg/-/css.gg-2.0.0.tgz",
      "integrity": "sha512-8qO59kSXLbewo7xaUM4eC8328MTdGmb8atpmw6PRzeDGsZrCkAVjJzKeFDIntagl1/aCee+NG1OQtIvWAjgG/A=="
    }
  }
}
